dependencies:
- name: step-issuer
  repository: https://smallstep.github.io/helm-charts
  version: 1.10.2
- name: step-certificates
  repository: https://smallstep.github.io/helm-charts
  version: 1.30.1
- name: autocert
  repository: https://smallstep.github.io/helm-charts
  version: 1.20.7
- name: trust-manager
  repository: https://charts.jetstack.io
  version: v0.22.1
digest: sha256:98046374d271ca83d639ace44009d2c170ed11a3f87b94f3b2f24c072a6794e3
generated: "2026-04-26T13:27:23.93602885+05:30"
