dependencies:
- name: opentelemetry-operator
  repository: https://open-telemetry.github.io/opentelemetry-helm-charts
  version: 0.111.0
- name: opentelemetry-collector
  repository: https://open-telemetry.github.io/opentelemetry-helm-charts
  version: 0.153.0
digest: sha256:5b96ac259734318b79be459d74bf17759d9a92019732845fcf02aa57c5997c5b
generated: "2026-05-05T15:30:17.482926988+05:30"
